// !$*UTF8*$!
{
	archiveVersion = 1;
	classes = {
	};
	objectVersion = 51;
	objects = {

/* Begin PBXBuildFile section */
		1A851CA3240CDE2400DF4E27 /* FeedViewController.swift in Sources */ = {isa = PBXBuildFile; fileRef = 1A851CA2240CDE2400DF4E27 /* FeedViewController.swift */; };
		1A851CA5240CDE3A00DF4E27 /* LoginViewController.swift in Sources */ = {isa = PBXBuildFile; fileRef = 1A851CA4240CDE3A00DF4E27 /* LoginViewController.swift */; };
		1A851CA7240F2F1F00DF4E27 /* CameraViewController.swift in Sources */ = {isa = PBXBuildFile; fileRef = 1A851CA6240F2F1F00DF4E27 /* CameraViewController.swift */; };
		1A851CA9240F8D6200DF4E27 /* PostCell.swift in Sources */ = {isa = PBXBuildFile; fileRef = 1A851CA8240F8D6200DF4E27 /* PostCell.swift */; };
		1AB6D72F240C70F300899027 /* AppDelegate.swift in Sources */ = {isa = PBXBuildFile; fileRef = 1AB6D72E240C70F300899027 /* AppDelegate.swift */; };
		1AB6D731240C70F300899027 /* SceneDelegate.swift in Sources */ = {isa = PBXBuildFile; fileRef = 1AB6D730240C70F300899027 /* SceneDelegate.swift */; };
		1AB6D736240C70F300899027 /* Main.storyboard in Resources */ = {isa = PBXBuildFile; fileRef = 1AB6D734240C70F300899027 /* Main.storyboard */; };
		1AB6D738240C70F600899027 /* Assets.xcassets in Resources */ = {isa = PBXBuildFile; fileRef = 1AB6D737240C70F600899027 /* Assets.xcassets */; };
		1AB6D73B240C70F600899027 /* LaunchScreen.storyboard in Resources */ = {isa = PBXBuildFile; fileRef = 1AB6D739240C70F600899027 /* LaunchScreen.storyboard */; };
		1AB6D746240C70F600899027 /* ParstagramTests.swift in Sources */ = {isa = PBXBuildFile; fileRef = 1AB6D745240C70F600899027 /* ParstagramTests.swift */; };
		1AB6D751240C70F600899027 /* ParstagramUITests.swift in Sources */ = {isa = PBXBuildFile; fileRef = 1AB6D750240C70F600899027 /* ParstagramUITests.swift */; };
		1D28EDBD4EB0B6B206988D46 /* Pods_Parstagram.framework in Frameworks */ = {isa = PBXBuildFile; fileRef = CD7F5382768AD5501D8F5DFE /* Pods_Parstagram.framework */; };
		9167A262169CD050FCFC6CC3 /* Pods_ParstagramTests.framework in Frameworks */ = {isa = PBXBuildFile; fileRef = 0C6D569BB1DD0CAFDCF1A4AB /* Pods_ParstagramTests.framework */; };
		CFBBD7E24E4810EE67ACA9F6 /* Pods_Parstagram_ParstagramUITests.framework in Frameworks */ = {isa = PBXBuildFile; fileRef = EB5664B1EC3D09950ADCE51A /* Pods_Parstagram_ParstagramUITests.framework */; };
/* End PBXBuildFile section */

/* Begin PBXContainerItemProxy section */
		1AB6D742240C70F600899027 /* PBXContainerItemProxy */ = {
			isa = PBXContainerItemProxy;
			containerPortal = 1AB6D723240C70F300899027 /* Project object */;
			proxyType = 1;
			remoteGlobalIDString = 1AB6D72A240C70F300899027;
			remoteInfo = Parstagram;
		};
		1AB6D74D240C70F600899027 /* PBXContainerItemProxy */ = {
			isa = PBXContainerItemProxy;
			containerPortal = 1AB6D723240C70F300899027 /* Project object */;
			proxyType = 1;
			remoteGlobalIDString = 1AB6D72A240C70F300899027;
			remoteInfo = Parstagram;
		};
/* End PBXContainerItemProxy section */

/* Begin PBXFileReference section */
		0C6D569BB1DD0CAFDCF1A4AB /* Pods_ParstagramTests.framework */ = {isa = PBXFileReference; explicitFileType = wrapper.framework; includeInIndex = 0; path = Pods_ParstagramTests.framework; sourceTree = BUILT_PRODUCTS_DIR; };
		1A851CA2240CDE2400DF4E27 /* FeedViewController.swift */ = {isa = PBXFileReference; lastKnownFileType = sourcecode.swift; path = FeedViewController.swift; sourceTree = "<group>"; };
		1A851CA4240CDE3A00DF4E27 /* LoginViewController.swift */ = {isa = PBXFileReference; lastKnownFileType = sourcecode.swift; path = LoginViewController.swift; sourceTree = "<group>"; };
		1A851CA6240F2F1F00DF4E27 /* CameraViewController.swift */ = {isa = PBXFileReference; lastKnownFileType = sourcecode.swift; path = CameraViewController.swift; sourceTree = "<group>"; };
		1A851CA8240F8D6200DF4E27 /* PostCell.swift */ = {isa = PBXFileReference; lastKnownFileType = sourcecode.swift; path = PostCell.swift; sourceTree = "<group>"; };
		1AB6D72B240C70F300899027 /* Parstagram.app */ = {isa = PBXFileReference; explicitFileType = wrapper.application; includeInIndex = 0; path = Parstagram.app; sourceTree = BUILT_PRODUCTS_DIR; };
		1AB6D72E240C70F300899027 /* AppDelegate.swift */ = {isa = PBXFileReference; lastKnownFileType = sourcecode.swift; path = AppDelegate.swift; sourceTree = "<group>"; };
		1AB6D730240C70F300899027 /* SceneDelegate.swift */ = {isa = PBXFileReference; lastKnownFileType = sourcecode.swift; path = SceneDelegate.swift; sourceTree = "<group>"; };
		1AB6D735240C70F300899027 /* Base */ = {isa = PBXFileReference; lastKnownFileType = file.storyboard; name = Base; path = Base.lproj/Main.storyboard; sourceTree = "<group>"; };
		1AB6D737240C70F600899027 /* Assets.xcassets */ = {isa = PBXFileReference; lastKnownFileType = folder.assetcatalog; path = Assets.xcassets; sourceTree = "<group>"; };
		1AB6D73A240C70F600899027 /* Base */ = {isa = PBXFileReference; lastKnownFileType = file.storyboard; name = Base; path = Base.lproj/LaunchScreen.storyboard; sourceTree = "<group>"; };
		1AB6D73C240C70F600899027 /* Info.plist */ = {isa = PBXFileReference; lastKnownFileType = text.plist.xml; path = Info.plist; sourceTree = "<group>"; };
		1AB6D741240C70F600899027 /* ParstagramTests.xctest */ = {isa = PBXFileReference; explicitFileType = wrapper.cfbundle; includeInIndex = 0; path = ParstagramTests.xctest; sourceTree = BUILT_PRODUCTS_DIR; };
		1AB6D745240C70F600899027 /* ParstagramTests.swift */ = {isa = PBXFileReference; lastKnownFileType = sourcecode.swift; path = ParstagramTests.swift; sourceTree = "<group>"; };
		1AB6D747240C70F600899027 /* Info.plist */ = {isa = PBXFileReference; lastKnownFileType = text.plist.xml; path = Info.plist; sourceTree = "<group>"; };
		1AB6D74C240C70F600899027 /* ParstagramUITests.xctest */ = {isa = PBXFileReference; explicitFileType = wrapper.cfbundle; includeInIndex = 0; path = ParstagramUITests.xctest; sourceTree = BUILT_PRODUCTS_DIR; };
		1AB6D750240C70F600899027 /* ParstagramUITests.swift */ = {isa = PBXFileReference; lastKnownFileType = sourcecode.swift; path = ParstagramUITests.swift; sourceTree = "<group>"; };
		1AB6D752240C70F600899027 /* Info.plist */ = {isa = PBXFileReference; lastKnownFileType = text.plist.xml; path = Info.plist; sourceTree = "<group>"; };
		1D271E1FF4B3382D0E68241C /* Pods-Parstagram.debug.xcconfig */ = {isa = PBXFileReference; includeInIndex = 1; lastKnownFileType = text.xcconfig; name = "Pods-Parstagram.debug.xcconfig"; path = "Target Support Files/Pods-Parstagram/Pods-Parstagram.debug.xcconfig"; sourceTree = "<group>"; };
		3EF55D01B210EA2921CAFD51 /* Pods-Parstagram-ParstagramUITests.debug.xcconfig */ = {isa = PBXFileReference; includeInIndex = 1; lastKnownFileType = text.xcconfig; name = "Pods-Parstagram-ParstagramUITests.debug.xcconfig"; path = "Target Support Files/Pods-Parstagram-ParstagramUITests/Pods-Parstagram-ParstagramUITests.debug.xcconfig"; sourceTree = "<group>"; };
		54D021089490AEF8923E1F0D /* Pods-ParstagramTests.debug.xcconfig */ = {isa = PBXFileReference; includeInIndex = 1; lastKnownFileType = text.xcconfig; name = "Pods-ParstagramTests.debug.xcconfig"; path = "Target Support Files/Pods-ParstagramTests/Pods-ParstagramTests.debug.xcconfig"; sourceTree = "<group>"; };
		6CC4E7910FF69F823D282ECD /* Pods-Parstagram.release.xcconfig */ = {isa = PBXFileReference; includeInIndex = 1; lastKnownFileType = text.xcconfig; name = "Pods-Parstagram.release.xcconfig"; path = "Target Support Files/Pods-Parstagram/Pods-Parstagram.release.xcconfig"; sourceTree = "<group>"; };
		AA4D620F20CF2BFFE1A8D54E /* Pods-ParstagramTests.release.xcconfig */ = {isa = PBXFileReference; includeInIndex = 1; lastKnownFileType = text.xcconfig; name = "Pods-ParstagramTests.release.xcconfig"; path = "Target Support Files/Pods-ParstagramTests/Pods-ParstagramTests.release.xcconfig"; sourceTree = "<group>"; };
		B16820C41B4C87282EA6CA60 /* Pods-Parstagram-ParstagramUITests.release.xcconfig */ = {isa = PBXFileReference; includeInIndex = 1; lastKnownFileType = text.xcconfig; name = "Pods-Parstagram-ParstagramUITests.release.xcconfig"; path = "Target Support Files/Pods-Parstagram-ParstagramUITests/Pods-Parstagram-ParstagramUITests.release.xcconfig"; sourceTree = "<group>"; };
		CD7F5382768AD5501D8F5DFE /* Pods_Parstagram.framework */ = {isa = PBXFileReference; explicitFileType = wrapper.framework; includeInIndex = 0; path = Pods_Parstagram.framework; sourceTree = BUILT_PRODUCTS_DIR; };
		EB5664B1EC3D09950ADCE51A /* Pods_Parstagram_ParstagramUITests.framework */ = {isa = PBXFileReference; explicitFileType = wrapper.framework; includeInIndex = 0; path = Pods_Parstagram_ParstagramUITests.framework; sourceTree = BUILT_PRODUCTS_DIR; };
/* End PBXFileReference section */

/* Begin PBXFrameworksBuildPhase section */
		1AB6D728240C70F300899027 /* Frameworks */ = {
			isa = PBXFrameworksBuildPhase;
			buildActionMask = 2147483647;
			files = (
				1D28EDBD4EB0B6B206988D46 /* Pods_Parstagram.framework in Frameworks */,
			);
			runOnlyForDeploymentPostprocessing = 0;
		};
		1AB6D73E240C70F600899027 /* Frameworks */ = {
			isa = PBXFrameworksBuildPhase;
			buildActionMask = 2147483647;
			files = (
				9167A262169CD050FCFC6CC3 /* Pods_ParstagramTests.framework in Frameworks */,
			);
			runOnlyForDeploymentPostprocessing = 0;
		};
		1AB6D749240C70F600899027 /* Frameworks */ = {
			isa = PBXFrameworksBuildPhase;
			buildActionMask = 2147483647;
			files = (
				CFBBD7E24E4810EE67ACA9F6 /* Pods_Parstagram_ParstagramUITests.framework in Frameworks */,
			);
			runOnlyForDeploymentPostprocessing = 0;
		};
/* End PBXFrameworksBuildPhase section */

/* Begin PBXGroup section */
		1AB6D722240C70F300899027 = {
			isa = PBXGroup;
			children = (
				1AB6D72D240C70F300899027 /* Parstagram */,
				1AB6D744240C70F600899027 /* ParstagramTests */,
				1AB6D74F240C70F600899027 /* ParstagramUITests */,
				1AB6D72C240C70F300899027 /* Products */,
				6E4EFF3B4E66C2EF973A41FC /* Pods */,
				BF48EFD538990F3A7ECD56DF /* Frameworks */,
			);
			sourceTree = "<group>";
		};
		1AB6D72C240C70F300899027 /* Products */ = {
			isa = PBXGroup;
			children = (
				1AB6D72B240C70F300899027 /* Parstagram.app */,
				1AB6D741240C70F600899027 /* ParstagramTests.xctest */,
				1AB6D74C240C70F600899027 /* ParstagramUITests.xctest */,
			);
			name = Products;
			sourceTree = "<group>";
		};
		1AB6D72D240C70F300899027 /* Parstagram */ = {
			isa = PBXGroup;
			children = (
				1AB6D72E240C70F300899027 /* AppDelegate.swift */,
				1A851CA2240CDE2400DF4E27 /* FeedViewController.swift */,
				1A851CA4240CDE3A00DF4E27 /* LoginViewController.swift */,
				1A851CA6240F2F1F00DF4E27 /* CameraViewController.swift */,
				1AB6D730240C70F300899027 /* SceneDelegate.swift */,
				1AB6D734240C70F300899027 /* Main.storyboard */,
				1A851CA8240F8D6200DF4E27 /* PostCell.swift */,
				1AB6D737240C70F600899027 /* Assets.xcassets */,
				1AB6D739240C70F600899027 /* LaunchScreen.storyboard */,
				1AB6D73C240C70F600899027 /* Info.plist */,
			);
			path = Parstagram;
			sourceTree = "<group>";
		};
		1AB6D744240C70F600899027 /* ParstagramTests */ = {
			isa = PBXGroup;
			children = (
				1AB6D745240C70F600899027 /* ParstagramTests.swift */,
				1AB6D747240C70F600899027 /* Info.plist */,
			);
			path = ParstagramTests;
			sourceTree = "<group>";
		};
		1AB6D74F240C70F600899027 /* ParstagramUITests */ = {
			isa = PBXGroup;
			children = (
				1AB6D750240C70F600899027 /* ParstagramUITests.swift */,
				1AB6D752240C70F600899027 /* Info.plist */,
			);
			path = ParstagramUITests;
			sourceTree = "<group>";
		};
		6E4EFF3B4E66C2EF973A41FC /* Pods */ = {
			isa = PBXGroup;
			children = (
				1D271E1FF4B3382D0E68241C /* Pods-Parstagram.debug.xcconfig */,
				6CC4E7910FF69F823D282ECD /* Pods-Parstagram.release.xcconfig */,
				3EF55D01B210EA2921CAFD51 /* Pods-Parstagram-ParstagramUITests.debug.xcconfig */,
				B16820C41B4C87282EA6CA60 /* Pods-Parstagram-ParstagramUITests.release.xcconfig */,
				54D021089490AEF8923E1F0D /* Pods-ParstagramTests.debug.xcconfig */,
				AA4D620F20CF2BFFE1A8D54E /* Pods-ParstagramTests.release.xcconfig */,
			);
			path = Pods;
			sourceTree = "<group>";
		};
		BF48EFD538990F3A7ECD56DF /* Frameworks */ = {
			isa = PBXGroup;
			children = (
				CD7F5382768AD5501D8F5DFE /* Pods_Parstagram.framework */,
				EB5664B1EC3D09950ADCE51A /* Pods_Parstagram_ParstagramUITests.framework */,
				0C6D569BB1DD0CAFDCF1A4AB /* Pods_ParstagramTests.framework */,
			);
			name = Frameworks;
			sourceTree = "<group>";
		};
/* End PBXGroup section */

/* Begin PBXNativeTarget section */
		1AB6D72A240C70F300899027 /* Parstagram */ = {
			isa = PBXNativeTarget;
			buildConfigurationList = 1AB6D755240C70F600899027 /* Build configuration list for PBXNativeTarget "Parstagram" */;
			buildPhases = (
				B5366ADB6559F1509DBEE564 /* [CP] Check Pods Manifest.lock */,
				1AB6D727240C70F300899027 /* Sources */,
				1AB6D728240C70F300899027 /* Frameworks */,
				1AB6D729240C70F300899027 /* Resources */,
				F29B6A30BD0AFD4B520E8457 /* [CP] Embed Pods Frameworks */,
			);
			buildRules = (
			);
			dependencies = (
			);
			name = Parstagram;
			productName = Parstagram;
			productReference = 1AB6D72B240C70F300899027 /* Parstagram.app */;
			productType = "com.apple.product-type.application";
		};
		1AB6D740240C70F600899027 /* ParstagramTests */ = {
			isa = PBXNativeTarget;
			buildConfigurationList = 1AB6D758240C70F600899027 /* Build configuration list for PBXNativeTarget "ParstagramTests" */;
			buildPhases = (
				2CF36138CB4FC107468EF476 /* [CP] Check Pods Manifest.lock */,
				1AB6D73D240C70F600899027 /* Sources */,
				1AB6D73E240C70F600899027 /* Frameworks */,
				1AB6D73F240C70F600899027 /* Resources */,
			);
			buildRules = (
			);
			dependencies = (
				1AB6D743240C70F600899027 /* PBXTargetDependency */,
			);
			name = ParstagramTests;
			productName = ParstagramTests;
			productReference = 1AB6D741240C70F600899027 /* ParstagramTests.xctest */;
			productType = "com.apple.product-type.bundle.unit-test";
		};
		1AB6D74B240C70F600899027 /* ParstagramUITests */ = {
			isa = PBXNativeTarget;
			buildConfigurationList = 1AB6D75B240C70F600899027 /* Build configuration list for PBXNativeTarget "ParstagramUITests" */;
			buildPhases = (
				C08502C00DA3955325878F22 /* [CP] Check Pods Manifest.lock */,
				1AB6D748240C70F600899027 /* Sources */,
				1AB6D749240C70F600899027 /* Frameworks */,
				1AB6D74A240C70F600899027 /* Resources */,
				C3DBD618002E9F98B0E29C8C /* [CP] Embed Pods Frameworks */,
			);
			buildRules = (
			);
			dependencies = (
				1AB6D74E240C70F600899027 /* PBXTargetDependency */,
			);
			name = ParstagramUITests;
			productName = ParstagramUITests;
			productReference = 1AB6D74C240C70F600899027 /* ParstagramUITests.xctest */;
			productType = "com.apple.product-type.bundle.ui-testing";
		};
/* End PBXNativeTarget section */

/* Begin PBXProject section */
		1AB6D723240C70F300899027 /* Project object */ = {
			isa = PBXProject;
			attributes = {
				LastSwiftUpdateCheck = 1130;
				LastUpgradeCheck = 1130;
				ORGANIZATIONNAME = Rosario;
				TargetAttributes = {
					1AB6D72A240C70F300899027 = {
						CreatedOnToolsVersion = 11.3.1;
					};
					1AB6D740240C70F600899027 = {
						CreatedOnToolsVersion = 11.3.1;
						TestTargetID = 1AB6D72A240C70F300899027;
					};
					1AB6D74B240C70F600899027 = {
						CreatedOnToolsVersion = 11.3.1;
						TestTargetID = 1AB6D72A240C70F300899027;
					};
				};
			};
			buildConfigurationList = 1AB6D726240C70F300899027 /* Build configuration list for PBXProject "Parstagram" */;
			compatibilityVersion = "Xcode 9.3";
			developmentRegion = en;
			hasScannedForEncodings = 0;
			knownRegions = (
				en,
				Base,
			);
			mainGroup = 1AB6D722240C70F300899027;
			productRefGroup = 1AB6D72C240C70F300899027 /* Products */;
			projectDirPath = "";
			projectRoot = "";
			targets = (
				1AB6D72A240C70F300899027 /* Parstagram */,
				1AB6D740240C70F600899027 /* ParstagramTests */,
				1AB6D74B240C70F600899027 /* ParstagramUITests */,
			);
		};
/* End PBXProject section */

/* Begin PBXResourcesBuildPhase section */
		1AB6D729240C70F300899027 /* Resources */ = {
			isa = PBXResourcesBuildPhase;
			buildActionMask = 2147483647;
			files = (
				1AB6D73B240C70F600899027 /* LaunchScreen.storyboard in Resources */,
				1AB6D738240C70F600899027 /* Assets.xcassets in Resources */,
				1AB6D736240C70F300899027 /* Main.storyboard in Resources */,
			);
			runOnlyForDeploymentPostprocessing = 0;
		};
		1AB6D73F240C70F600899027 /* Resources */ = {
			isa = PBXResourcesBuildPhase;
			buildActionMask = 2147483647;
			files = (
			);
			runOnlyForDeploymentPostprocessing = 0;
		};
		1AB6D74A240C70F600899027 /* Resources */ = {
			isa = PBXResourcesBuildPhase;
			buildActionMask = 2147483647;
			files = (
			);
			runOnlyForDeploymentPostprocessing = 0;
		};
/* End PBXResourcesBuildPhase section */

/* Begin PBXShellScriptBuildPhase section */
		2CF36138CB4FC107468EF476 /* [CP] Check Pods Manifest.lock */ = {
			isa = PBXShellScriptBuildPhase;
			buildActionMask = 2147483647;
			files = (
			);
			inputFileListPaths = (
			);
			inputPaths = (
				"${PODS_PODFILE_DIR_PATH}/Podfile.lock",
				"${PODS_ROOT}/Manifest.lock",
			);
			name = "[CP] Check Pods Manifest.lock";
			outputFileListPaths = (
			);
			outputPaths = (
				"$(DERIVED_FILE_DIR)/Pods-ParstagramTests-checkManifestLockResult.txt",
			);
			runOnlyForDeploymentPostprocessing = 0;
			shellPath = /bin/sh;
			shellScript = "diff \"${PODS_PODFILE_DIR_PATH}/Podfile.lock\" \"${PODS_ROOT}/Manifest.lock\" > /dev/null\nif [ $? != 0 ] ; then\n    # print error to STDERR\n    echo \"error: The sandbox is not in sync with the Podfile.lock. Run 'pod install' or update your CocoaPods installation.\" >&2\n    exit 1\nfi\n# This output is used by Xcode 'outputs' to avoid re-running this script phase.\necho \"SUCCESS\" > \"${SCRIPT_OUTPUT_FILE_0}\"\n";
			showEnvVarsInLog = 0;
		};
		B5366ADB6559F1509DBEE564 /* [CP] Check Pods Manifest.lock */ = {
			isa = PBXShellScriptBuildPhase;
			buildActionMask = 2147483647;
			files = (
			);
			inputFileListPaths = (
			);
			inputPaths = (
				"${PODS_PODFILE_DIR_PATH}/Podfile.lock",
				"${PODS_ROOT}/Manifest.lock",
			);
			name = "[CP] Check Pods Manifest.lock";
			outputFileListPaths = (
			);
			outputPaths = (
				"$(DERIVED_FILE_DIR)/Pods-Parstagram-checkManifestLockResult.txt",
			);
			runOnlyForDeploymentPostprocessing = 0;
			shellPath = /bin/sh;
			shellScript = "diff \"${PODS_PODFILE_DIR_PATH}/Podfile.lock\" \"${PODS_ROOT}/Manifest.lock\" > /dev/null\nif [ $? != 0 ] ; then\n    # print error to STDERR\n    echo \"error: The sandbox is not in sync with the Podfile.lock. Run 'pod install' or update your CocoaPods installation.\" >&2\n    exit 1\nfi\n# This output is used by Xcode 'outputs' to avoid re-running this script phase.\necho \"SUCCESS\" > \"${SCRIPT_OUTPUT_FILE_0}\"\n";
			showEnvVarsInLog = 0;
		};
		C08502C00DA3955325878F22 /* [CP] Check Pods Manifest.lock */ = {
			isa = PBXShellScriptBuildPhase;
			buildActionMask = 2147483647;
			files = (
			);
			inputFileListPaths = (
			);
			inputPaths = (
				"${PODS_PODFILE_DIR_PATH}/Podfile.lock",
				"${PODS_ROOT}/Manifest.lock",
			);
			name = "[CP] Check Pods Manifest.lock";
			outputFileListPaths = (
			);
			outputPaths = (
				"$(DERIVED_FILE_DIR)/Pods-Parstagram-ParstagramUITests-checkManifestLockResult.txt",
			);
			runOnlyForDeploymentPostprocessing = 0;
			shellPath = /bin/sh;
			shellScript = "diff \"${PODS_PODFILE_DIR_PATH}/Podfile.lock\" \"${PODS_ROOT}/Manifest.lock\" > /dev/null\nif [ $? != 0 ] ; then\n    # print error to STDERR\n    echo \"error: The sandbox is not in sync with the Podfile.lock. Run 'pod install' or update your CocoaPods installation.\" >&2\n    exit 1\nfi\n# This output is used by Xcode 'outputs' to avoid re-running this script phase.\necho \"SUCCESS\" > \"${SCRIPT_OUTPUT_FILE_0}\"\n";
			showEnvVarsInLog = 0;
		};
		C3DBD618002E9F98B0E29C8C /* [CP] Embed Pods Frameworks */ = {
			isa = PBXShellScriptBuildPhase;
			buildActionMask = 2147483647;
			files = (
			);
			inputFileListPaths = (
				"${PODS_ROOT}/Target Support Files/Pods-Parstagram-ParstagramUITests/Pods-Parstagram-ParstagramUITests-frameworks-${CONFIGURATION}-input-files.xcfilelist",
			);
			name = "[CP] Embed Pods Frameworks";
			outputFileListPaths = (
				"${PODS_ROOT}/Target Support Files/Pods-Parstagram-ParstagramUITests/Pods-Parstagram-ParstagramUITests-frameworks-${CONFIGURATION}-output-files.xcfilelist",
			);
			runOnlyForDeploymentPostprocessing = 0;
			shellPath = /bin/sh;
			shellScript = "\"${PODS_ROOT}/Target Support Files/Pods-Parstagram-ParstagramUITests/Pods-Parstagram-ParstagramUITests-frameworks.sh\"\n";
			showEnvVarsInLog = 0;
		};
		F29B6A30BD0AFD4B520E8457 /* [CP] Embed Pods Frameworks */ = {
			isa = PBXShellScriptBuildPhase;
			buildActionMask = 2147483647;
			files = (
			);
			inputFileListPaths = (
				"${PODS_ROOT}/Target Support Files/Pods-Parstagram/Pods-Parstagram-frameworks-${CONFIGURATION}-input-files.xcfilelist",
			);
			name = "[CP] Embed Pods Frameworks";
			outputFileListPaths = (
				"${PODS_ROOT}/Target Support Files/Pods-Parstagram/Pods-Parstagram-frameworks-${CONFIGURATION}-output-files.xcfilelist",
			);
			runOnlyForDeploymentPostprocessing = 0;
			shellPath = /bin/sh;
			shellScript = "\"${PODS_ROOT}/Target Support Files/Pods-Parstagram/Pods-Parstagram-frameworks.sh\"\n";
			showEnvVarsInLog = 0;
		};
/* End PBXShellScriptBuildPhase section */

/* Begin PBXSourcesBuildPhase section */
		1AB6D727240C70F300899027 /* Sources */ = {
			isa = PBXSourcesBuildPhase;
			buildActionMask = 2147483647;
			files = (
				1A851CA5240CDE3A00DF4E27 /* LoginViewController.swift in Sources */,
				1A851CA7240F2F1F00DF4E27 /* CameraViewController.swift in Sources */,
				1AB6D72F240C70F300899027 /* AppDelegate.swift in Sources */,
				1A851CA3240CDE2400DF4E27 /* FeedViewController.swift in Sources */,
				1AB6D731240C70F300899027 /* SceneDelegate.swift in Sources */,
				1A851CA9240F8D6200DF4E27 /* PostCell.swift in Sources */,
			);
			runOnlyForDeploymentPostprocessing = 0;
		};
		1AB6D73D240C70F600899027 /* Sources */ = {
			isa = PBXSourcesBuildPhase;
			buildActionMask = 2147483647;
			files = (
				1AB6D746240C70F600899027 /* ParstagramTests.swift in Sources */,
			);
			runOnlyForDeploymentPostprocessing = 0;
		};
		1AB6D748240C70F600899027 /* Sources */ = {
			isa = PBXSourcesBuildPhase;
			buildActionMask = 2147483647;
			files = (
				1AB6D751240C70F600899027 /* ParstagramUITests.swift in Sources */,
			);
			runOnlyForDeploymentPostprocessing = 0;
		};
/* End PBXSourcesBuildPhase section */

/* Begin PBXTargetDependency section */
		1AB6D743240C70F600899027 /* PBXTargetDependency */ = {
			isa = PBXTargetDependency;
			target = 1AB6D72A240C70F300899027 /* Parstagram */;
			targetProxy = 1AB6D742240C70F600899027 /* PBXContainerItemProxy */;
		};
		1AB6D74E240C70F600899027 /* PBXTargetDependency */ = {
			isa = PBXTargetDependency;
			target = 1AB6D72A240C70F300899027 /* Parstagram */;
			targetProxy = 1AB6D74D240C70F600899027 /* PBXContainerItemProxy */;
		};
/* End PBXTargetDependency section */

/* Begin PBXVariantGroup section */
		1AB6D734240C70F300899027 /* Main.storyboard */ = {
			isa = PBXVariantGroup;
			children = (
				1AB6D735240C70F300899027 /* Base */,
			);
			name = Main.storyboard;
			sourceTree = "<group>";
		};
		1AB6D739240C70F600899027 /* LaunchScreen.storyboard */ = {
			isa = PBXVariantGroup;
			children = (
				1AB6D73A240C70F600899027 /* Base */,
			);
			name = LaunchScreen.storyboard;
			sourceTree = "<group>";
		};
/* End PBXVariantGroup section */

/* Begin XCBuildConfiguration section */
		1AB6D753240C70F600899027 /* Debug */ = {
			isa = XCBuildConfiguration;
			buildSettings = {
				ALWAYS_SEARCH_USER_PATHS = NO;
				CLANG_ANALYZER_NONNULL = YES;
				CLANG_ANALYZER_NUMBER_OBJECT_CONVERSION = YES_AGGRESSIVE;
				CLANG_CXX_LANGUAGE_STANDARD = "gnu++14";
				CLANG_CXX_LIBRARY = "libc++";
				CLANG_ENABLE_MODULES = YES;
				CLANG_ENABLE_OBJC_ARC = YES;
				CLANG_ENABLE_OBJC_WEAK = YES;
				CLANG_WARN_BLOCK_CAPTURE_AUTORELEASING = YES;
				CLANG_WARN_BOOL_CONVERSION = YES;
				CLANG_WARN_COMMA = YES;
				CLANG_WARN_CONSTANT_CONVERSION = YES;
				CLANG_WARN_DEPRECATED_OBJC_IMPLEMENTATIONS = YES;
				CLANG_WARN_DIRECT_OBJC_ISA_USAGE = YES_ERROR;
				CLANG_WARN_DOCUMENTATION_COMMENTS = YES;
				CLANG_WARN_EMPTY_BODY = YES;
				CLANG_WARN_ENUM_CONVERSION = YES;
				CLANG_WARN_INFINITE_RECURSION = YES;
				CLANG_WARN_INT_CONVERSION = YES;
				CLANG_WARN_NON_LITERAL_NULL_CONVERSION = YES;
				CLANG_WARN_OBJC_IMPLICIT_RETAIN_SELF = YES;
				CLANG_WARN_OBJC_LITERAL_CONVERSION = YES;
				CLANG_WARN_OBJC_ROOT_CLASS = YES_ERROR;
				CLANG_WARN_RANGE_LOOP_ANALYSIS = YES;
				CLANG_WARN_STRICT_PROTOTYPES = YES;
				CLANG_WARN_SUSPICIOUS_MOVE = YES;
				CLANG_WARN_UNGUARDED_AVAILABILITY = YES_AGGRESSIVE;
				CLANG_WARN_UNREACHABLE_CODE = YES;
				CLANG_WARN__DUPLICATE_METHOD_MATCH = YES;
				COPY_PHASE_STRIP = NO;
				DEBUG_INFORMATION_FORMAT = dwarf;
				ENABLE_STRICT_OBJC_MSGSEND = YES;
				ENABLE_TESTABILITY = YES;
				GCC_C_LANGUAGE_STANDARD = gnu11;
				GCC_DYNAMIC_NO_PIC = NO;
				GCC_NO_COMMON_BLOCKS = YES;
				GCC_OPTIMIZATION_LEVEL = 0;
				GCC_PREPROCESSOR_DEFINITIONS = (
					"DEBUG=1",
					"$(inherited)",
				);
				GCC_WARN_64_TO_32_BIT_CONVERSION = YES;
				GCC_WARN_ABOUT_RETURN_TYPE = YES_ERROR;
				GCC_WARN_UNDECLARED_SELECTOR = YES;
				GCC_WARN_UNINITIALIZED_AUTOS = YES_AGGRESSIVE;
				GCC_WARN_UNUSED_FUNCTION = YES;
				GCC_WARN_UNUSED_VARIABLE = YES;
				IPHONEOS_DEPLOYMENT_TARGET = 13.2;
				MTL_ENABLE_DEBUG_INFO = INCLUDE_SOURCE;
				MTL_FAST_MATH = YES;
				ONLY_ACTIVE_ARCH = YES;
				SDKROOT = iphoneos;
				SWIFT_ACTIVE_COMPILATION_CONDITIONS = DEBUG;
				SWIFT_OPTIMIZATION_LEVEL = "-Onone";
			};
			name = Debug;
		};
		1AB6D754240C70F600899027 /* Release */ = {
			isa = XCBuildConfiguration;
			buildSettings = {
				ALWAYS_SEARCH_USER_PATHS = NO;
				CLANG_ANALYZER_NONNULL = YES;
				CLANG_ANALYZER_NUMBER_OBJECT_CONVERSION = YES_AGGRESSIVE;
				CLANG_CXX_LANGUAGE_STANDARD = "gnu++14";
				CLANG_CXX_LIBRARY = "libc++";
				CLANG_ENABLE_MODULES = YES;
				CLANG_ENABLE_OBJC_ARC = YES;
				CLANG_ENABLE_OBJC_WEAK = YES;
				CLANG_WARN_BLOCK_CAPTURE_AUTORELEASING = YES;
				CLANG_WARN_BOOL_CONVERSION = YES;
				CLANG_WARN_COMMA = YES;
				CLANG_WARN_CONSTANT_CONVERSION = YES;
				CLANG_WARN_DEPRECATED_OBJC_IMPLEMENTATIONS = YES;
				CLANG_WARN_DIRECT_OBJC_ISA_USAGE = YES_ERROR;
				CLANG_WARN_DOCUMENTATION_COMMENTS = YES;
				CLANG_WARN_EMPTY_BODY = YES;
				CLANG_WARN_ENUM_CONVERSION = YES;
				CLANG_WARN_INFINITE_RECURSION = YES;
				CLANG_WARN_INT_CONVERSION = YES;
				CLANG_WARN_NON_LITERAL_NULL_CONVERSION = YES;
				CLANG_WARN_OBJC_IMPLICIT_RETAIN_SELF = YES;
				CLANG_WARN_OBJC_LITERAL_CONVERSION = YES;
				CLANG_WARN_OBJC_ROOT_CLASS = YES_ERROR;
				CLANG_WARN_RANGE_LOOP_ANALYSIS = YES;
				CLANG_WARN_STRICT_PROTOTYPES = YES;
				CLANG_WARN_SUSPICIOUS_MOVE = YES;
				CLANG_WARN_UNGUARDED_AVAILABILITY = YES_AGGRESSIVE;
				CLANG_WARN_UNREACHABLE_CODE = YES;
				CLANG_WARN__DUPLICATE_METHOD_MATCH = YES;
				COPY_PHASE_STRIP = NO;
				DEBUG_INFORMATION_FORMAT = "dwarf-with-dsym";
				ENABLE_NS_ASSERTIONS = NO;
				ENABLE_STRICT_OBJC_MSGSEND = YES;
				GCC_C_LANGUAGE_STANDARD = gnu11;
				GCC_NO_COMMON_BLOCKS = YES;
				GCC_WARN_64_TO_32_BIT_CONVERSION = YES;
				GCC_WARN_ABOUT_RETURN_TYPE = YES_ERROR;
				GCC_WARN_UNDECLARED_SELECTOR = YES;
				GCC_WARN_UNINITIALIZED_AUTOS = YES_AGGRESSIVE;
				GCC_WARN_UNUSED_FUNCTION = YES;
				GCC_WARN_UNUSED_VARIABLE = YES;
				IPHONEOS_DEPLOYMENT_TARGET = 13.2;
				MTL_ENABLE_DEBUG_INFO = NO;
				MTL_FAST_MATH = YES;
				SDKROOT = iphoneos;
				SWIFT_COMPILATION_MODE = wholemodule;
				SWIFT_OPTIMIZATION_LEVEL = "-O";
				VALIDATE_PRODUCT = YES;
			};
			name = Release;
		};
		1AB6D756240C70F600899027 /* Debug */ = {
			isa = XCBuildConfiguration;
			baseConfigurationReference = 1D271E1FF4B3382D0E68241C /* Pods-Parstagram.debug.xcconfig */;
			buildSettings = {
				ASSETCATALOG_COMPILER_APPICON_NAME = AppIcon;
				CODE_SIGN_STYLE = Automatic;
				INFOPLIST_FILE = Parstagram/Info.plist;
				LD_RUNPATH_SEARCH_PATHS = (
					"$(inherited)",
					"@executable_path/Frameworks",
				);
				PRODUCT_BUNDLE_IDENTIFIER = Rosario.Parstagram;
				PRODUCT_NAME = "$(TARGET_NAME)";
				SWIFT_VERSION = 5.0;
				TARGETED_DEVICE_FAMILY = "1,2";
			};
			name = Debug;
		};
		1AB6D757240C70F600899027 /* Release */ = {
			isa = XCBuildConfiguration;
			baseConfigurationReference = 6CC4E7910FF69F823D282ECD /* Pods-Parstagram.release.xcconfig */;
			buildSettings = {
				ASSETCATALOG_COMPILER_APPICON_NAME = AppIcon;
				CODE_SIGN_STYLE = Automatic;
				INFOPLIST_FILE = Parstagram/Info.plist;
				LD_RUNPATH_SEARCH_PATHS = (
					"$(inherited)",
					"@executable_path/Frameworks",
				);
				PRODUCT_BUNDLE_IDENTIFIER = Rosario.Parstagram;
				PRODUCT_NAME = "$(TARGET_NAME)";
				SWIFT_VERSION = 5.0;
				TARGETED_DEVICE_FAMILY = "1,2";
			};
			name = Release;
		};
		1AB6D759240C70F600899027 /* Debug */ = {
			isa = XCBuildConfiguration;
			baseConfigurationReference = 54D021089490AEF8923E1F0D /* Pods-ParstagramTests.debug.xcconfig */;
			buildSettings = {
				ALWAYS_EMBED_SWIFT_STANDARD_LIBRARIES = YES;
				BUNDLE_LOADER = "$(TEST_HOST)";
				CODE_SIGN_STYLE = Automatic;
				INFOPLIST_FILE = ParstagramTests/Info.plist;
				IPHONEOS_DEPLOYMENT_TARGET = 13.2;
				LD_RUNPATH_SEARCH_PATHS = (
					"$(inherited)",
					"@executable_path/Frameworks",
					"@loader_path/Frameworks",
				);
				PRODUCT_BUNDLE_IDENTIFIER = Rosario.ParstagramTests;
				PRODUCT_NAME = "$(TARGET_NAME)";
				SWIFT_VERSION = 5.0;
				TARGETED_DEVICE_FAMILY = "1,2";
				TEST_HOST = "$(BUILT_PRODUCTS_DIR)/Parstagram.app/Parstagram";
			};
			name = Debug;
		};
		1AB6D75A240C70F600899027 /* Release */ = {
			isa = XCBuildConfiguration;
			baseConfigurationReference = AA4D620F20CF2BFFE1A8D54E /* Pods-ParstagramTests.release.xcconfig */;
			buildSettings = {
				ALWAYS_EMBED_SWIFT_STANDARD_LIBRARIES = YES;
				BUNDLE_LOADER = "$(TEST_HOST)";
				CODE_SIGN_STYLE = Automatic;
				INFOPLIST_FILE = ParstagramTests/Info.plist;
				IPHONEOS_DEPLOYMENT_TARGET = 13.2;
				LD_RUNPATH_SEARCH_PATHS = (
					"$(inherited)",
					"@executable_path/Frameworks",
					"@loader_path/Frameworks",
				);
				PRODUCT_BUNDLE_IDENTIFIER = Rosario.ParstagramTests;
				PRODUCT_NAME = "$(TARGET_NAME)";
				SWIFT_VERSION = 5.0;
				TARGETED_DEVICE_FAMILY = "1,2";
				TEST_HOST = "$(BUILT_PRODUCTS_DIR)/Parstagram.app/Parstagram";
			};
			name = Release;
		};
		1AB6D75C240C70F600899027 /* Debug */ = {
			isa = XCBuildConfiguration;
			baseConfigurationReference = 3EF55D01B210EA2921CAFD51 /* Pods-Parstagram-ParstagramUITests.debug.xcconfig */;
			buildSettings = {
				ALWAYS_EMBED_SWIFT_STANDARD_LIBRARIES = YES;
				CODE_SIGN_STYLE = Automatic;
				INFOPLIST_FILE = ParstagramUITests/Info.plist;
				LD_RUNPATH_SEARCH_PATHS = (
					"$(inherited)",
					"@executable_path/Frameworks",
					"@loader_path/Frameworks",
				);
				PRODUCT_BUNDLE_IDENTIFIER = Rosario.ParstagramUITests;
				PRODUCT_NAME = "$(TARGET_NAME)";
				SWIFT_VERSION = 5.0;
				TARGETED_DEVICE_FAMILY = "1,2";
				TEST_TARGET_NAME = Parstagram;
			};
			name = Debug;
		};
		1AB6D75D240C70F600899027 /* Release */ = {
			isa = XCBuildConfiguration;
			baseConfigurationReference = B16820C41B4C87282EA6CA60 /* Pods-Parstagram-ParstagramUITests.release.xcconfig */;
			buildSettings = {
				ALWAYS_EMBED_SWIFT_STANDARD_LIBRARIES = YES;
				CODE_SIGN_STYLE = Automatic;
				INFOPLIST_FILE = ParstagramUITests/Info.plist;
				LD_RUNPATH_SEARCH_PATHS = (
					"$(inherited)",
					"@executable_path/Frameworks",
					"@loader_path/Frameworks",
				);
				PRODUCT_BUNDLE_IDENTIFIER = Rosario.ParstagramUITests;
				PRODUCT_NAME = "$(TARGET_NAME)";
				SWIFT_VERSION = 5.0;
				TARGETED_DEVICE_FAMILY = "1,2";
				TEST_TARGET_NAME = Parstagram;
			};
			name = Release;
		};
/* End XCBuildConfiguration section */

/* Begin XCConfigurationList section */
		1AB6D726240C70F300899027 /* Build configuration list for PBXProject "Parstagram" */ = {
			isa = XCConfigurationList;
			buildConfigurations = (
				1AB6D753240C70F600899027 /* Debug */,
				1AB6D754240C70F600899027 /* Release */,
			);
			defaultConfigurationIsVisible = 0;
			defaultConfigurationName = Release;
		};
		1AB6D755240C70F600899027 /* Build configuration list for PBXNativeTarget "Parstagram" */ = {
			isa = XCConfigurationList;
			buildConfigurations = (
				1AB6D756240C70F600899027 /* Debug */,
				1AB6D757240C70F600899027 /* Release */,
			);
			defaultConfigurationIsVisible = 0;
			defaultConfigurationName = Release;
		};
		1AB6D758240C70F600899027 /* Build configuration list for PBXNativeTarget "ParstagramTests" */ = {
			isa = XCConfigurationList;
			buildConfigurations = (
				1AB6D759240C70F600899027 /* Debug */,
				1AB6D75A240C70F600899027 /* Release */,
			);
			defaultConfigurationIsVisible = 0;
			defaultConfigurationName = Release;
		};
		1AB6D75B240C70F600899027 /* Build configuration list for PBXNativeTarget "ParstagramUITests" */ = {
			isa = XCConfigurationList;
			buildConfigurations = (
				1AB6D75C240C70F600899027 /* Debug */,
				1AB6D75D240C70F600899027 /* Release */,
			);
			defaultConfigurationIsVisible = 0;
			defaultConfigurationName = Release;
		};
/* End XCConfigurationList section */
	};
	rootObject = 1AB6D723240C70F300899027 /* Project object */;
}
